
Microsoft Visual Studio Solution File, Format Version 12.00
# Visual Studio Version 17
VisualStudioVersion = 17.6.33815.320
MinimumVisualStudioVersion = 10.0.40219.1
Project("{FAE04EC0-301F-11D3-BF4B-00C04F79EFBC}") = "Triggers", "Triggers\Triggers.csproj", "{2B49E185-9FE0-4F03-A2E3-0301E8E584F5}"
EndProject
Global
	GlobalSection(SolutionConfigurationPlatforms) = preSolution
		Debug|Any CPU = Debug|Any CPU
		Release|Any CPU = Release|Any CPU
	EndGlobalSection
	GlobalSection(ProjectConfigurationPlatforms) = postSolution
		{2B49E185-9FE0-4F03-A2E3-0301E8E584F5}.Debug|Any CPU.ActiveCfg = Debug|Any CPU
		{2B49E185-9FE0-4F03-A2E3-0301E8E584F5}.Debug|Any CPU.Build.0 = Debug|Any CPU
		{2B49E185-9FE0-4F03-A2E3-0301E8E584F5}.Release|Any CPU.ActiveCfg = Release|Any CPU
		{2B49E185-9FE0-4F03-A2E3-0301E8E584F5}.Release|Any CPU.Build.0 = Release|Any CPU
	EndGlobalSection
	GlobalSection(SolutionProperties) = preSolution
		HideSolutionNode = FALSE
	EndGlobalSection
	GlobalSection(ExtensibilityGlobals) = postSolution
		SolutionGuid = {19F62469-B30E-4597-BADD-3D6560600F8A}
	EndGlobalSection
EndGlobal
